
Microsoft Visual Studio Solution File, Format Version 12.00
# Visual Studio Version 16
VisualStudioVersion = 16.0.30717.126
MinimumVisualStudioVersion = 10.0.40219.1
Project("{FAE04EC0-301F-11D3-BF4B-00C04F79EFBC}") = "AplusMobProj.UWP", "AplusMobProj\AplusMobProj.UWP\AplusMobProj.UWP.csproj", "{DF0E11D9-4EA6-426B-9845-0C79E7CDF7BC}"
EndProject
Project("{FAE04EC0-301F-11D3-BF4B-00C04F79EFBC}") = "AplusMobProj.Android", "AplusMobProj\AplusMobProj.Android\AplusMobProj.Android.csproj", "{A42BCF34-9012-4359-BEC6-C0AAF4BD5E87}"
EndProject
Project("{FAE04EC0-301F-11D3-BF4B-00C04F79EFBC}") = "AplusMobProj", "AplusMobProj\AplusMobProj\AplusMobProj.csproj", "{7262A7ED-0447-4562-BE8B-F3446AEBACA5}"
EndProject
Global
	GlobalSection(SolutionConfigurationPlatforms) = preSolution
		Debug|Any CPU = Debug|Any CPU
		Debug|ARM = Debug|ARM
		Debug|x64 = Debug|x64
		Debug|x86 = Debug|x86
		Release|Any CPU = Release|Any CPU
		Release|ARM = Release|ARM
		Release|x64 = Release|x64
		Release|x86 = Release|x86
	EndGlobalSection
	GlobalSection(ProjectConfigurationPlatforms) = postSolution
		{DF0E11D9-4EA6-426B-9845-0C79E7CDF7BC}.Debug|Any CPU.ActiveCfg = Debug|x86
		{DF0E11D9-4EA6-426B-9845-0C79E7CDF7BC}.Debug|Any CPU.Build.0 = Debug|x86
		{DF0E11D9-4EA6-426B-9845-0C79E7CDF7BC}.Debug|Any CPU.Deploy.0 = Debug|x86
		{DF0E11D9-4EA6-426B-9845-0C79E7CDF7BC}.Debug|ARM.ActiveCfg = Debug|ARM
		{DF0E11D9-4EA6-426B-9845-0C79E7CDF7BC}.Debug|ARM.Build.0 = Debug|ARM
		{DF0E11D9-4EA6-426B-9845-0C79E7CDF7BC}.Debug|ARM.Deploy.0 = Debug|ARM
		{DF0E11D9-4EA6-426B-9845-0C79E7CDF7BC}.Debug|x64.ActiveCfg = Debug|x64
		{DF0E11D9-4EA6-426B-9845-0C79E7CDF7BC}.Debug|x64.Build.0 = Debug|x64
		{DF0E11D9-4EA6-426B-9845-0C79E7CDF7BC}.Debug|x64.Deploy.0 = Debug|x64
		{DF0E11D9-4EA6-426B-9845-0C79E7CDF7BC}.Debug|x86.ActiveCfg = Debug|x86
		{DF0E11D9-4EA6-426B-9845-0C79E7CDF7BC}.Debug|x86.Build.0 = Debug|x86
		{DF0E11D9-4EA6-426B-9845-0C79E7CDF7BC}.Debug|x86.Deploy.0 = Debug|x86
		{DF0E11D9-4EA6-426B-9845-0C79E7CDF7BC}.Release|Any CPU.ActiveCfg = Release|x86
		{DF0E11D9-4EA6-426B-9845-0C79E7CDF7BC}.Release|Any CPU.Build.0 = Release|x86
		{DF0E11D9-4EA6-426B-9845-0C79E7CDF7BC}.Release|Any CPU.Deploy.0 = Release|x86
		{DF0E11D9-4EA6-426B-9845-0C79E7CDF7BC}.Release|ARM.ActiveCfg = Release|ARM
		{DF0E11D9-4EA6-426B-9845-0C79E7CDF7BC}.Release|ARM.Build.0 = Release|ARM
		{DF0E11D9-4EA6-426B-9845-0C79E7CDF7BC}.Release|ARM.Deploy.0 = Release|ARM
		{DF0E11D9-4EA6-426B-9845-0C79E7CDF7BC}.Release|x64.ActiveCfg = Release|x64
		{DF0E11D9-4EA6-426B-9845-0C79E7CDF7BC}.Release|x64.Build.0 = Release|x64
		{DF0E11D9-4EA6-426B-9845-0C79E7CDF7BC}.Release|x64.Deploy.0 = Release|x64
		{DF0E11D9-4EA6-426B-9845-0C79E7CDF7BC}.Release|x86.ActiveCfg = Release|x86
		{DF0E11D9-4EA6-426B-9845-0C79E7CDF7BC}.Release|x86.Build.0 = Release|x86
		{DF0E11D9-4EA6-426B-9845-0C79E7CDF7BC}.Release|x86.Deploy.0 = Release|x86
		{A42BCF34-9012-4359-BEC6-C0AAF4BD5E87}.Debug|Any CPU.ActiveCfg = Debug|Any CPU
		{A42BCF34-9012-4359-BEC6-C0AAF4BD5E87}.Debug|Any CPU.Build.0 = Debug|Any CPU
		{A42BCF34-9012-4359-BEC6-C0AAF4BD5E87}.Debug|Any CPU.Deploy.0 = Debug|Any CPU
		{A42BCF34-9012-4359-BEC6-C0AAF4BD5E87}.Debug|ARM.ActiveCfg = Debug|Any CPU
		{A42BCF34-9012-4359-BEC6-C0AAF4BD5E87}.Debug|ARM.Build.0 = Debug|Any CPU
		{A42BCF34-9012-4359-BEC6-C0AAF4BD5E87}.Debug|ARM.Deploy.0 = Debug|Any CPU
		{A42BCF34-9012-4359-BEC6-C0AAF4BD5E87}.Debug|x64.ActiveCfg = Debug|Any CPU
		{A42BCF34-9012-4359-BEC6-C0AAF4BD5E87}.Debug|x64.Build.0 = Debug|Any CPU
		{A42BCF34-9012-4359-BEC6-C0AAF4BD5E87}.Debug|x64.Deploy.0 = Debug|Any CPU
		{A42BCF34-9012-4359-BEC6-C0AAF4BD5E87}.Debug|x86.ActiveCfg = Debug|Any CPU
		{A42BCF34-9012-4359-BEC6-C0AAF4BD5E87}.Debug|x86.Build.0 = Debug|Any CPU
		{A42BCF34-9012-4359-BEC6-C0AAF4BD5E87}.Debug|x86.Deploy.0 = Debug|Any CPU
		{A42BCF34-9012-4359-BEC6-C0AAF4BD5E87}.Release|Any CPU.ActiveCfg = Release|Any CPU
		{A42BCF34-9012-4359-BEC6-C0AAF4BD5E87}.Release|Any CPU.Build.0 = Release|Any CPU
		{A42BCF34-9012-4359-BEC6-C0AAF4BD5E87}.Release|Any CPU.Deploy.0 = Release|Any CPU
		{A42BCF34-9012-4359-BEC6-C0AAF4BD5E87}.Release|ARM.ActiveCfg = Release|Any CPU
		{A42BCF34-9012-4359-BEC6-C0AAF4BD5E87}.Release|ARM.Build.0 = Release|Any CPU
		{A42BCF34-9012-4359-BEC6-C0AAF4BD5E87}.Release|ARM.Deploy.0 = Release|Any CPU
		{A42BCF34-9012-4359-BEC6-C0AAF4BD5E87}.Release|x64.ActiveCfg = Release|Any CPU
		{A42BCF34-9012-4359-BEC6-C0AAF4BD5E87}.Release|x64.Build.0 = Release|Any CPU
		{A42BCF34-9012-4359-BEC6-C0AAF4BD5E87}.Release|x64.Deploy.0 = Release|Any CPU
		{A42BCF34-9012-4359-BEC6-C0AAF4BD5E87}.Release|x86.ActiveCfg = Release|Any CPU
		{A42BCF34-9012-4359-BEC6-C0AAF4BD5E87}.Release|x86.Build.0 = Release|Any CPU
		{A42BCF34-9012-4359-BEC6-C0AAF4BD5E87}.Release|x86.Deploy.0 = Release|Any CPU
		{7262A7ED-0447-4562-BE8B-F3446AEBACA5}.Debug|Any CPU.ActiveCfg = Debug|Any CPU
		{7262A7ED-0447-4562-BE8B-F3446AEBACA5}.Debug|Any CPU.Build.0 = Debug|Any CPU
		{7262A7ED-0447-4562-BE8B-F3446AEBACA5}.Debug|Any CPU.Deploy.0 = Debug|Any CPU
		{7262A7ED-0447-4562-BE8B-F3446AEBACA5}.Debug|ARM.ActiveCfg = Debug|Any CPU
		{7262A7ED-0447-4562-BE8B-F3446AEBACA5}.Debug|ARM.Build.0 = Debug|Any CPU
		{7262A7ED-0447-4562-BE8B-F3446AEBACA5}.Debug|ARM.Deploy.0 = Debug|Any CPU
		{7262A7ED-0447-4562-BE8B-F3446AEBACA5}.Debug|x64.ActiveCfg = Debug|Any CPU
		{7262A7ED-0447-4562-BE8B-F3446AEBACA5}.Debug|x64.Build.0 = Debug|Any CPU
		{7262A7ED-0447-4562-BE8B-F3446AEBACA5}.Debug|x64.Deploy.0 = Debug|Any CPU
		{7262A7ED-0447-4562-BE8B-F3446AEBACA5}.Debug|x86.ActiveCfg = Debug|Any CPU
		{7262A7ED-0447-4562-BE8B-F3446AEBACA5}.Debug|x86.Build.0 = Debug|Any CPU
		{7262A7ED-0447-4562-BE8B-F3446AEBACA5}.Debug|x86.Deploy.0 = Debug|Any CPU
		{7262A7ED-0447-4562-BE8B-F3446AEBACA5}.Release|Any CPU.ActiveCfg = Release|Any CPU
		{7262A7ED-0447-4562-BE8B-F3446AEBACA5}.Release|Any CPU.Build.0 = Release|Any CPU
		{7262A7ED-0447-4562-BE8B-F3446AEBACA5}.Release|Any CPU.Deploy.0 = Release|Any CPU
		{7262A7ED-0447-4562-BE8B-F3446AEBACA5}.Release|ARM.ActiveCfg = Release|Any CPU
		{7262A7ED-0447-4562-BE8B-F3446AEBACA5}.Release|ARM.Build.0 = Release|Any CPU
		{7262A7ED-0447-4562-BE8B-F3446AEBACA5}.Release|ARM.Deploy.0 = Release|Any CPU
		{7262A7ED-0447-4562-BE8B-F3446AEBACA5}.Release|x64.ActiveCfg = Release|Any CPU
		{7262A7ED-0447-4562-BE8B-F3446AEBACA5}.Release|x64.Build.0 = Release|Any CPU
		{7262A7ED-0447-4562-BE8B-F3446AEBACA5}.Release|x64.Deploy.0 = Release|Any CPU
		{7262A7ED-0447-4562-BE8B-F3446AEBACA5}.Release|x86.ActiveCfg = Release|Any CPU
		{7262A7ED-0447-4562-BE8B-F3446AEBACA5}.Release|x86.Build.0 = Release|Any CPU
		{7262A7ED-0447-4562-BE8B-F3446AEBACA5}.Release|x86.Deploy.0 = Release|Any CPU
	EndGlobalSection
	GlobalSection(SolutionProperties) = preSolution
		HideSolutionNode = FALSE
	EndGlobalSection
	GlobalSection(ExtensibilityGlobals) = postSolution
		SolutionGuid = {2921C6DD-DA5D-4510-AF21-1783ECEFAA94}
	EndGlobalSection
EndGlobal
